// !$*UTF8*$!
{
	archiveVersion = 1;
	classes = {
	};
	objectVersion = 46;
	objects = {

/* Begin PBXBuildFile section */
		761AE2F11AD476D900D1DCBE /* Filter.cpp in Sources */ = {isa = PBXBuildFile; fileRef = 761AE2EF1AD476D900D1DCBE /* Filter.cpp */; };
		761AE2F41AD47AAE00D1DCBE /* Cell.cpp in Sources */ = {isa = PBXBuildFile; fileRef = 761AE2F21AD47AAE00D1DCBE /* Cell.cpp */; };
		769CA8891AD2F74000431A9A /* main.cpp in Sources */ = {isa = PBXBuildFile; fileRef = 769CA8881AD2F74000431A9A /* main.cpp */; };
		769CA8911AD2F87100431A9A /* Table.cpp in Sources */ = {isa = PBXBuildFile; fileRef = 769CA88F1AD2F87100431A9A /* Table.cpp */; };
		769CA8941AD3014000431A9A /* Database.cpp in Sources */ = {isa = PBXBuildFile; fileRef = 769CA8921AD3014000431A9A /* Database.cpp */; };
		769CA8971AD30E7000431A9A /* QueryProcessor.cpp in Sources */ = {isa = PBXBuildFile; fileRef = 769CA8951AD30E7000431A9A /* QueryProcessor.cpp */; };
		769CA89A1AD30F3500431A9A /* Query.cpp in Sources */ = {isa = PBXBuildFile; fileRef = 769CA8981AD30F3500431A9A /* Query.cpp */; };
		769CA89D1AD46A0C00431A9A /* Attribute.cpp in Sources */ = {isa = PBXBuildFile; fileRef = 769CA89B1AD46A0C00431A9A /* Attribute.cpp */; };
/* End PBXBuildFile section */

/* Begin PBXCopyFilesBuildPhase section */
		769CA8831AD2F74000431A9A /* CopyFiles */ = {
			isa = PBXCopyFilesBuildPhase;
			buildActionMask = 2147483647;
			dstPath = /usr/share/man/man1/;
			dstSubfolderSpec = 0;
			files = (
			);
			runOnlyForDeploymentPostprocessing = 1;
		};
/* End PBXCopyFilesBuildPhase section */

/* Begin PBXFileReference section */
		761AE2EF1AD476D900D1DCBE /* Filter.cpp */ = {isa = PBXFileReference; fileEncoding = 4; lastKnownFileType = sourcecode.cpp.cpp; path = Filter.cpp; sourceTree = "<group>"; };
		761AE2F01AD476D900D1DCBE /* Filter.h */ = {isa = PBXFileReference; fileEncoding = 4; lastKnownFileType = sourcecode.c.h; path = Filter.h; sourceTree = "<group>"; };
		761AE2F21AD47AAE00D1DCBE /* Cell.cpp */ = {isa = PBXFileReference; fileEncoding = 4; lastKnownFileType = sourcecode.cpp.cpp; path = Cell.cpp; sourceTree = "<group>"; };
		761AE2F31AD47AAE00D1DCBE /* Cell.h */ = {isa = PBXFileReference; fileEncoding = 4; lastKnownFileType = sourcecode.c.h; path = Cell.h; sourceTree = "<group>"; };
		769CA8851AD2F74000431A9A /* QueryLanguage */ = {isa = PBXFileReference; explicitFileType = "compiled.mach-o.executable"; includeInIndex = 0; path = QueryLanguage; sourceTree = BUILT_PRODUCTS_DIR; };
		769CA8881AD2F74000431A9A /* main.cpp */ = {isa = PBXFileReference; lastKnownFileType = sourcecode.cpp.cpp; path = main.cpp; sourceTree = "<group>"; };
		769CA88F1AD2F87100431A9A /* Table.cpp */ = {isa = PBXFileReference; fileEncoding = 4; lastKnownFileType = sourcecode.cpp.cpp; path = Table.cpp; sourceTree = "<group>"; };
		769CA8901AD2F87100431A9A /* Table.h */ = {isa = PBXFileReference; fileEncoding = 4; lastKnownFileType = sourcecode.c.h; path = Table.h; sourceTree = "<group>"; };
		769CA8921AD3014000431A9A /* Database.cpp */ = {isa = PBXFileReference; fileEncoding = 4; lastKnownFileType = sourcecode.cpp.cpp; path = Database.cpp; sourceTree = "<group>"; };
		769CA8931AD3014000431A9A /* Database.h */ = {isa = PBXFileReference; fileEncoding = 4; lastKnownFileType = sourcecode.c.h; path = Database.h; sourceTree = "<group>"; };
		769CA8951AD30E7000431A9A /* QueryProcessor.cpp */ = {isa = PBXFileReference; fileEncoding = 4; lastKnownFileType = sourcecode.cpp.cpp; path = QueryProcessor.cpp; sourceTree = "<group>"; };
		769CA8961AD30E7000431A9A /* QueryProcessor.h */ = {isa = PBXFileReference; fileEncoding = 4; lastKnownFileType = sourcecode.c.h; path = QueryProcessor.h; sourceTree = "<group>"; };
		769CA8981AD30F3500431A9A /* Query.cpp */ = {isa = PBXFileReference; fileEncoding = 4; lastKnownFileType = sourcecode.cpp.cpp; path = Query.cpp; sourceTree = "<group>"; };
		769CA8991AD30F3500431A9A /* Query.h */ = {isa = PBXFileReference; fileEncoding = 4; lastKnownFileType = sourcecode.c.h; path = Query.h; sourceTree = "<group>"; };
		769CA89B1AD46A0C00431A9A /* Attribute.cpp */ = {isa = PBXFileReference; fileEncoding = 4; lastKnownFileType = sourcecode.cpp.cpp; path = Attribute.cpp; sourceTree = "<group>"; };
		769CA89C1AD46A0C00431A9A /* Attribute.h */ = {isa = PBXFileReference; fileEncoding = 4; lastKnownFileType = sourcecode.c.h; path = Attribute.h; sourceTree = "<group>"; };
/* End PBXFileReference section */

/* Begin PBXFrameworksBuildPhase section */
		769CA8821AD2F74000431A9A /* Frameworks */ = {
			isa = PBXFrameworksBuildPhase;
			buildActionMask = 2147483647;
			files = (
			);
			runOnlyForDeploymentPostprocessing = 0;
		};
/* End PBXFrameworksBuildPhase section */

/* Begin PBXGroup section */
		769CA87C1AD2F74000431A9A = {
			isa = PBXGroup;
			children = (
				761AE2F21AD47AAE00D1DCBE /* Cell.cpp */,
				761AE2F31AD47AAE00D1DCBE /* Cell.h */,
				761AE2EF1AD476D900D1DCBE /* Filter.cpp */,
				761AE2F01AD476D900D1DCBE /* Filter.h */,
				769CA89B1AD46A0C00431A9A /* Attribute.cpp */,
				769CA89C1AD46A0C00431A9A /* Attribute.h */,
				769CA8981AD30F3500431A9A /* Query.cpp */,
				769CA8991AD30F3500431A9A /* Query.h */,
				769CA8951AD30E7000431A9A /* QueryProcessor.cpp */,
				769CA8961AD30E7000431A9A /* QueryProcessor.h */,
				769CA8921AD3014000431A9A /* Database.cpp */,
				769CA8931AD3014000431A9A /* Database.h */,
				769CA88F1AD2F87100431A9A /* Table.cpp */,
				769CA8901AD2F87100431A9A /* Table.h */,
				769CA8871AD2F74000431A9A /* QueryLanguage */,
				769CA8861AD2F74000431A9A /* Products */,
			);
			sourceTree = "<group>";
		};
		769CA8861AD2F74000431A9A /* Products */ = {
			isa = PBXGroup;
			children = (
				769CA8851AD2F74000431A9A /* QueryLanguage */,
			);
			name = Products;
			sourceTree = "<group>";
		};
		769CA8871AD2F74000431A9A /* QueryLanguage */ = {
			isa = PBXGroup;
			children = (
				769CA8881AD2F74000431A9A /* main.cpp */,
			);
			path = QueryLanguage;
			sourceTree = "<group>";
		};
/* End PBXGroup section */

/* Begin PBXNativeTarget section */
		769CA8841AD2F74000431A9A /* QueryLanguage */ = {
			isa = PBXNativeTarget;
			buildConfigurationList = 769CA88C1AD2F74000431A9A /* Build configuration list for PBXNativeTarget "QueryLanguage" */;
			buildPhases = (
				769CA8811AD2F74000431A9A /* Sources */,
				769CA8821AD2F74000431A9A /* Frameworks */,
				769CA8831AD2F74000431A9A /* CopyFiles */,
			);
			buildRules = (
			);
			dependencies = (
			);
			name = QueryLanguage;
			productName = QueryLanguage;
			productReference = 769CA8851AD2F74000431A9A /* QueryLanguage */;
			productType = "com.apple.product-type.tool";
		};
/* End PBXNativeTarget section */

/* Begin PBXProject section */
		769CA87D1AD2F74000431A9A /* Project object */ = {
			isa = PBXProject;
			attributes = {
				LastUpgradeCheck = 0610;
				ORGANIZATIONNAME = "Rohan Raja";
				TargetAttributes = {
					769CA8841AD2F74000431A9A = {
						CreatedOnToolsVersion = 6.1;
					};
				};
			};
			buildConfigurationList = 769CA8801AD2F74000431A9A /* Build configuration list for PBXProject "QueryLanguage" */;
			compatibilityVersion = "Xcode 3.2";
			developmentRegion = English;
			hasScannedForEncodings = 0;
			knownRegions = (
				en,
			);
			mainGroup = 769CA87C1AD2F74000431A9A;
			productRefGroup = 769CA8861AD2F74000431A9A /* Products */;
			projectDirPath = "";
			projectRoot = "";
			targets = (
				769CA8841AD2F74000431A9A /* QueryLanguage */,
			);
		};
/* End PBXProject section */

/* Begin PBXSourcesBuildPhase section */
		769CA8811AD2F74000431A9A /* Sources */ = {
			isa = PBXSourcesBuildPhase;
			buildActionMask = 2147483647;
			files = (
				769CA89D1AD46A0C00431A9A /* Attribute.cpp in Sources */,
				761AE2F41AD47AAE00D1DCBE /* Cell.cpp in Sources */,
				769CA8911AD2F87100431A9A /* Table.cpp in Sources */,
				769CA8971AD30E7000431A9A /* QueryProcessor.cpp in Sources */,
				761AE2F11AD476D900D1DCBE /* Filter.cpp in Sources */,
				769CA8941AD3014000431A9A /* Database.cpp in Sources */,
				769CA89A1AD30F3500431A9A /* Query.cpp in Sources */,
				769CA8891AD2F74000431A9A /* main.cpp in Sources */,
			);
			runOnlyForDeploymentPostprocessing = 0;
		};
/* End PBXSourcesBuildPhase section */

/* Begin XCBuildConfiguration section */
		769CA88A1AD2F74000431A9A /* Debug */ = {
			isa = XCBuildConfiguration;
			buildSettings = {
				ALWAYS_SEARCH_USER_PATHS = NO;
				CLANG_CXX_LANGUAGE_STANDARD = "gnu++0x";
				CLANG_CXX_LIBRARY = "libc++";
				CLANG_ENABLE_MODULES = YES;
				CLANG_ENABLE_OBJC_ARC = YES;
				CLANG_WARN_BOOL_CONVERSION = YES;
				CLANG_WARN_CONSTANT_CONVERSION = YES;
				CLANG_WARN_DIRECT_OBJC_ISA_USAGE = YES_ERROR;
				CLANG_WARN_EMPTY_BODY = YES;
				CLANG_WARN_ENUM_CONVERSION = YES;
				CLANG_WARN_INT_CONVERSION = YES;
				CLANG_WARN_OBJC_ROOT_CLASS = YES_ERROR;
				CLANG_WARN_UNREACHABLE_CODE = YES;
				CLANG_WARN__DUPLICATE_METHOD_MATCH = YES;
				COPY_PHASE_STRIP = NO;
				ENABLE_STRICT_OBJC_MSGSEND = YES;
				GCC_C_LANGUAGE_STANDARD = gnu99;
				GCC_DYNAMIC_NO_PIC = NO;
				GCC_OPTIMIZATION_LEVEL = 0;
				GCC_PREPROCESSOR_DEFINITIONS = (
					"DEBUG=1",
					"$(inherited)",
				);
				GCC_SYMBOLS_PRIVATE_EXTERN = NO;
				GCC_WARN_64_TO_32_BIT_CONVERSION = YES;
				GCC_WARN_ABOUT_RETURN_TYPE = YES_ERROR;
				GCC_WARN_UNDECLARED_SELECTOR = YES;
				GCC_WARN_UNINITIALIZED_AUTOS = YES_AGGRESSIVE;
				GCC_WARN_UNUSED_FUNCTION = YES;
				GCC_WARN_UNUSED_VARIABLE = YES;
				MACOSX_DEPLOYMENT_TARGET = 10.10;
				MTL_ENABLE_DEBUG_INFO = YES;
				ONLY_ACTIVE_ARCH = YES;
				SDKROOT = macosx;
			};
			name = Debug;
		};
		769CA88B1AD2F74000431A9A /* Release */ = {
			isa = XCBuildConfiguration;
			buildSettings = {
				ALWAYS_SEARCH_USER_PATHS = NO;
				CLANG_CXX_LANGUAGE_STANDARD = "gnu++0x";
				CLANG_CXX_LIBRARY = "libc++";
				CLANG_ENABLE_MODULES = YES;
				CLANG_ENABLE_OBJC_ARC = YES;
				CLANG_WARN_BOOL_CONVERSION = YES;
				CLANG_WARN_CONSTANT_CONVERSION = YES;
				CLANG_WARN_DIRECT_OBJC_ISA_USAGE = YES_ERROR;
				CLANG_WARN_EMPTY_BODY = YES;
				CLANG_WARN_ENUM_CONVERSION = YES;
				CLANG_WARN_INT_CONVERSION = YES;
				CLANG_WARN_OBJC_ROOT_CLASS = YES_ERROR;
				CLANG_WARN_UNREACHABLE_CODE = YES;
				CLANG_WARN__DUPLICATE_METHOD_MATCH = YES;
				COPY_PHASE_STRIP = YES;
				DEBUG_INFORMATION_FORMAT = "dwarf-with-dsym";
				ENABLE_NS_ASSERTIONS = NO;
				ENABLE_STRICT_OBJC_MSGSEND = YES;
				GCC_C_LANGUAGE_STANDARD = gnu99;
				GCC_WARN_64_TO_32_BIT_CONVERSION = YES;
				GCC_WARN_ABOUT_RETURN_TYPE = YES_ERROR;
				GCC_WARN_UNDECLARED_SELECTOR = YES;
				GCC_WARN_UNINITIALIZED_AUTOS = YES_AGGRESSIVE;
				GCC_WARN_UNUSED_FUNCTION = YES;
				GCC_WARN_UNUSED_VARIABLE = YES;
				MACOSX_DEPLOYMENT_TARGET = 10.10;
				MTL_ENABLE_DEBUG_INFO = NO;
				SDKROOT = macosx;
			};
			name = Release;
		};
		769CA88D1AD2F74000431A9A /* Debug */ = {
			isa = XCBuildConfiguration;
			buildSettings = {
				PRODUCT_NAME = "$(TARGET_NAME)";
			};
			name = Debug;
		};
		769CA88E1AD2F74000431A9A /* Release */ = {
			isa = XCBuildConfiguration;
			buildSettings = {
				PRODUCT_NAME = "$(TARGET_NAME)";
			};
			name = Release;
		};
/* End XCBuildConfiguration section */

/* Begin XCConfigurationList section */
		769CA8801AD2F74000431A9A /* Build configuration list for PBXProject "QueryLanguage" */ = {
			isa = XCConfigurationList;
			buildConfigurations = (
				769CA88A1AD2F74000431A9A /* Debug */,
				769CA88B1AD2F74000431A9A /* Release */,
			);
			defaultConfigurationIsVisible = 0;
			defaultConfigurationName = Release;
		};
		769CA88C1AD2F74000431A9A /* Build configuration list for PBXNativeTarget "QueryLanguage" */ = {
			isa = XCConfigurationList;
			buildConfigurations = (
				769CA88D1AD2F74000431A9A /* Debug */,
				769CA88E1AD2F74000431A9A /* Release */,
			);
			defaultConfigurationIsVisible = 0;
			defaultConfigurationName = Release;
		};
/* End XCConfigurationList section */
	};
	rootObject = 769CA87D1AD2F74000431A9A /* Project object */;
}
